Microsoft Visual Studio Solution File, Format Version 12.00
# Visual Studio Version 17
VisualStudioVersion = 17.5.2.0
MinimumVisualStudioVersion = 10.0.40219.1
Project("{FAE04EC0-301F-11D3-BF4B-00C04F79EFBC}") = "Temparature Converter", "Temparature Converter.csproj", "{2E513D5E-17DC-0185-36E1-E10BADB18169}"
EndProject
Global
	GlobalSection(SolutionConfigurationPlatforms) = preSolution
		Debug|Any CPU = Debug|Any CPU
		Release|Any CPU = Release|Any CPU
	EndGlobalSection
	GlobalSection(ProjectConfigurationPlatforms) = postSolution
		{2E513D5E-17DC-0185-36E1-E10BADB18169}.Debug|Any CPU.ActiveCfg = Debug|Any CPU
		{2E513D5E-17DC-0185-36E1-E10BADB18169}.Debug|Any CPU.Build.0 = Debug|Any CPU
		{2E513D5E-17DC-0185-36E1-E10BADB18169}.Release|Any CPU.ActiveCfg = Release|Any CPU
		{2E513D5E-17DC-0185-36E1-E10BADB18169}.Release|Any CPU.Build.0 = Release|Any CPU
	EndGlobalSection
	GlobalSection(SolutionProperties) = preSolution
		HideSolutionNode = FALSE
	EndGlobalSection
	GlobalSection(ExtensibilityGlobals) = postSolution
		SolutionGuid = {7E45AB62-8A1C-4121-B76E-344BFD33E42F}
	EndGlobalSection
EndGlobal
